// !$*UTF8*$!
{
	archiveVersion = 1;
	classes = {
	};
	objectVersion = 70;
	objects = {

/* Begin PBXBuildFile section */
		803B6CF02CF72C0E0077D801 /* Yams in Frameworks */ = {isa = PBXBuildFile; productRef = 803B6CEF2CF72C0E0077D801 /* Yams */; };
		803B6CF32CF72C1E0077D801 /* ArgumentParser in Frameworks */ = {isa = PBXBuildFile; productRef = 803B6CF22CF72C1E0077D801 /* ArgumentParser */; };
		803B6CF62CF72C3A0077D801 /* Yams in Frameworks */ = {isa = PBXBuildFile; productRef = 803B6CF52CF72C3A0077D801 /* Yams */; };
/* End PBXBuildFile section */

/* Begin PBXContainerItemProxy section */
		803B6CC82CF72A9C0077D801 /* PBXContainerItemProxy */ = {
			isa = PBXContainerItemProxy;
			containerPortal = 8006207522B8389500C49F3F /* Project object */;
			proxyType = 1;
			remoteGlobalIDString = 803B6CB62CF72A9C0077D801;
			remoteInfo = "rerere-gui";
		};
		803B6CD22CF72A9C0077D801 /* PBXContainerItemProxy */ = {
			isa = PBXContainerItemProxy;
			containerPortal = 8006207522B8389500C49F3F /* Project object */;
			proxyType = 1;
			remoteGlobalIDString = 803B6CB62CF72A9C0077D801;
			remoteInfo = "rerere-gui";
		};
/* End PBXContainerItemProxy section */

/* Begin PBXCopyFilesBuildPhase section */
		803B6CE42CF72B4F0077D801 /* CopyFiles */ = {
			isa = PBXCopyFilesBuildPhase;
			buildActionMask = 2147483647;
			dstPath = /usr/share/man/man1/;
			dstSubfolderSpec = 0;
			files = (
			);
			runOnlyForDeploymentPostprocessing = 1;
		};
/* End PBXCopyFilesBuildPhase section */

/* Begin PBXFileReference section */
		8006208022B8389500C49F3F /* rerere.swift */ = {isa = PBXFileReference; lastKnownFileType = sourcecode.swift; path = rerere.swift; sourceTree = "<group>"; };
		803B6CB12CF72A900077D801 /* buffers.swift */ = {isa = PBXFileReference; lastKnownFileType = sourcecode.swift; path = buffers.swift; sourceTree = "<group>"; };
		803B6CB72CF72A9C0077D801 /* rerere-gui.app */ = {isa = PBXFileReference; explicitFileType = wrapper.application; includeInIndex = 0; path = "rerere-gui.app"; sourceTree = BUILT_PRODUCTS_DIR; };
		803B6CC72CF72A9C0077D801 /* rerere-guiTests.xctest */ = {isa = PBXFileReference; explicitFileType = wrapper.cfbundle; includeInIndex = 0; path = "rerere-guiTests.xctest"; sourceTree = BUILT_PRODUCTS_DIR; };
		803B6CD12CF72A9C0077D801 /* rerere-guiUITests.xctest */ = {isa = PBXFileReference; explicitFileType = wrapper.cfbundle; includeInIndex = 0; path = "rerere-guiUITests.xctest"; sourceTree = BUILT_PRODUCTS_DIR; };
		803B6CE62CF72B4F0077D801 /* rerere-cli */ = {isa = PBXFileReference; explicitFileType = "compiled.mach-o.executable"; includeInIndex = 0; path = "rerere-cli"; sourceTree = BUILT_PRODUCTS_DIR; };
		80B02D6622B9FCF1009AA9F0 /* Levenshtein.swift */ = {isa = PBXFileReference; lastKnownFileType = sourcecode.swift; path = Levenshtein.swift; sourceTree = "<group>"; };
/* End PBXFileReference section */

/* Begin PBXFileSystemSynchronizedRootGroup section */
		803B6CB82CF72A9C0077D801 /* rerere-gui */ = {isa = PBXFileSystemSynchronizedRootGroup; explicitFileTypes = {}; explicitFolders = (); path = "rerere-gui"; sourceTree = "<group>"; };
		803B6CCA2CF72A9C0077D801 /* rerere-guiTests */ = {isa = PBXFileSystemSynchronizedRootGroup; explicitFileTypes = {}; explicitFolders = (); path = "rerere-guiTests"; sourceTree = "<group>"; };
		803B6CD42CF72A9C0077D801 /* rerere-guiUITests */ = {isa = PBXFileSystemSynchronizedRootGroup; explicitFileTypes = {}; explicitFolders = (); path = "rerere-guiUITests"; sourceTree = "<group>"; };
		803B6CE72CF72B4F0077D801 /* rerere-cli */ = {isa = PBXFileSystemSynchronizedRootGroup; explicitFileTypes = {}; explicitFolders = (); path = "rerere-cli"; sourceTree = "<group>"; };
/* End PBXFileSystemSynchronizedRootGroup section */

/* Begin PBXFrameworksBuildPhase section */
		803B6CB42CF72A9C0077D801 /* Frameworks */ = {
			isa = PBXFrameworksBuildPhase;
			buildActionMask = 2147483647;
			files = (
				803B6CF62CF72C3A0077D801 /* Yams in Frameworks */,
			);
			runOnlyForDeploymentPostprocessing = 0;
		};
		803B6CC42CF72A9C0077D801 /* Frameworks */ = {
			isa = PBXFrameworksBuildPhase;
			buildActionMask = 2147483647;
			files = (
			);
			runOnlyForDeploymentPostprocessing = 0;
		};
		803B6CCE2CF72A9C0077D801 /* Frameworks */ = {
			isa = PBXFrameworksBuildPhase;
			buildActionMask = 2147483647;
			files = (
			);
			runOnlyForDeploymentPostprocessing = 0;
		};
		803B6CE32CF72B4F0077D801 /* Frameworks */ = {
			isa = PBXFrameworksBuildPhase;
			buildActionMask = 2147483647;
			files = (
				803B6CF32CF72C1E0077D801 /* ArgumentParser in Frameworks */,
				803B6CF02CF72C0E0077D801 /* Yams in Frameworks */,
			);
			runOnlyForDeploymentPostprocessing = 0;
		};
/* End PBXFrameworksBuildPhase section */

/* Begin PBXGroup section */
		8006207422B8389500C49F3F = {
			isa = PBXGroup;
			children = (
				8006207F22B8389500C49F3F /* rerere */,
				803B6CB82CF72A9C0077D801 /* rerere-gui */,
				803B6CCA2CF72A9C0077D801 /* rerere-guiTests */,
				803B6CD42CF72A9C0077D801 /* rerere-guiUITests */,
				803B6CE72CF72B4F0077D801 /* rerere-cli */,
				803B6CF42CF72C3A0077D801 /* Frameworks */,
				8006207E22B8389500C49F3F /* Products */,
			);
			sourceTree = "<group>";
		};
		8006207E22B8389500C49F3F /* Products */ = {
			isa = PBXGroup;
			children = (
				803B6CB72CF72A9C0077D801 /* rerere-gui.app */,
				803B6CC72CF72A9C0077D801 /* rerere-guiTests.xctest */,
				803B6CD12CF72A9C0077D801 /* rerere-guiUITests.xctest */,
				803B6CE62CF72B4F0077D801 /* rerere-cli */,
			);
			name = Products;
			sourceTree = "<group>";
		};
		8006207F22B8389500C49F3F /* rerere */ = {
			isa = PBXGroup;
			children = (
				803B6CB12CF72A900077D801 /* buffers.swift */,
				8006208022B8389500C49F3F /* rerere.swift */,
				80B02D6622B9FCF1009AA9F0 /* Levenshtein.swift */,
			);
			path = rerere;
			sourceTree = "<group>";
		};
		803B6CF42CF72C3A0077D801 /* Frameworks */ = {
			isa = PBXGroup;
			children = (
			);
			name = Frameworks;
			sourceTree = "<group>";
		};
/* End PBXGroup section */

/* Begin PBXNativeTarget section */
		803B6CB62CF72A9C0077D801 /* rerere-gui */ = {
			isa = PBXNativeTarget;
			buildConfigurationList = 803B6CD92CF72A9C0077D801 /* Build configuration list for PBXNativeTarget "rerere-gui" */;
			buildPhases = (
				803B6CB32CF72A9C0077D801 /* Sources */,
				803B6CB42CF72A9C0077D801 /* Frameworks */,
				803B6CB52CF72A9C0077D801 /* Resources */,
			);
			buildRules = (
			);
			dependencies = (
			);
			fileSystemSynchronizedGroups = (
				803B6CB82CF72A9C0077D801 /* rerere-gui */,
			);
			name = "rerere-gui";
			packageProductDependencies = (
				803B6CF52CF72C3A0077D801 /* Yams */,
			);
			productName = "rerere-gui";
			productReference = 803B6CB72CF72A9C0077D801 /* rerere-gui.app */;
			productType = "com.apple.product-type.application";
		};
		803B6CC62CF72A9C0077D801 /* rerere-guiTests */ = {
			isa = PBXNativeTarget;
			buildConfigurationList = 803B6CDC2CF72A9C0077D801 /* Build configuration list for PBXNativeTarget "rerere-guiTests" */;
			buildPhases = (
				803B6CC32CF72A9C0077D801 /* Sources */,
				803B6CC42CF72A9C0077D801 /* Frameworks */,
				803B6CC52CF72A9C0077D801 /* Resources */,
			);
			buildRules = (
			);
			dependencies = (
				803B6CC92CF72A9C0077D801 /* PBXTargetDependency */,
			);
			fileSystemSynchronizedGroups = (
				803B6CCA2CF72A9C0077D801 /* rerere-guiTests */,
			);
			name = "rerere-guiTests";
			packageProductDependencies = (
			);
			productName = "rerere-guiTests";
			productReference = 803B6CC72CF72A9C0077D801 /* rerere-guiTests.xctest */;
			productType = "com.apple.product-type.bundle.unit-test";
		};
		803B6CD02CF72A9C0077D801 /* rerere-guiUITests */ = {
			isa = PBXNativeTarget;
			buildConfigurationList = 803B6CDF2CF72A9C0077D801 /* Build configuration list for PBXNativeTarget "rerere-guiUITests" */;
			buildPhases = (
				803B6CCD2CF72A9C0077D801 /* Sources */,
				803B6CCE2CF72A9C0077D801 /* Frameworks */,
				803B6CCF2CF72A9C0077D801 /* Resources */,
			);
			buildRules = (
			);
			dependencies = (
				803B6CD32CF72A9C0077D801 /* PBXTargetDependency */,
			);
			fileSystemSynchronizedGroups = (
				803B6CD42CF72A9C0077D801 /* rerere-guiUITests */,
			);
			name = "rerere-guiUITests";
			packageProductDependencies = (
			);
			productName = "rerere-guiUITests";
			productReference = 803B6CD12CF72A9C0077D801 /* rerere-guiUITests.xctest */;
			productType = "com.apple.product-type.bundle.ui-testing";
		};
		803B6CE52CF72B4F0077D801 /* rerere-cli */ = {
			isa = PBXNativeTarget;
			buildConfigurationList = 803B6CEA2CF72B4F0077D801 /* Build configuration list for PBXNativeTarget "rerere-cli" */;
			buildPhases = (
				803B6CE22CF72B4F0077D801 /* Sources */,
				803B6CE32CF72B4F0077D801 /* Frameworks */,
				803B6CE42CF72B4F0077D801 /* CopyFiles */,
			);
			buildRules = (
			);
			dependencies = (
			);
			fileSystemSynchronizedGroups = (
				803B6CE72CF72B4F0077D801 /* rerere-cli */,
			);
			name = "rerere-cli";
			packageProductDependencies = (
				803B6CEF2CF72C0E0077D801 /* Yams */,
				803B6CF22CF72C1E0077D801 /* ArgumentParser */,
			);
			productName = "rerere-cli";
			productReference = 803B6CE62CF72B4F0077D801 /* rerere-cli */;
			productType = "com.apple.product-type.tool";
		};
/* End PBXNativeTarget section */

/* Begin PBXProject section */
		8006207522B8389500C49F3F /* Project object */ = {
			isa = PBXProject;
			attributes = {
				LastSwiftUpdateCheck = 1610;
				LastUpgradeCheck = 1100;
				ORGANIZATIONNAME = "Nicholas Allegra";
				TargetAttributes = {
					803B6CB62CF72A9C0077D801 = {
						CreatedOnToolsVersion = 16.1;
					};
					803B6CC62CF72A9C0077D801 = {
						CreatedOnToolsVersion = 16.1;
						TestTargetID = 803B6CB62CF72A9C0077D801;
					};
					803B6CD02CF72A9C0077D801 = {
						CreatedOnToolsVersion = 16.1;
						TestTargetID = 803B6CB62CF72A9C0077D801;
					};
					803B6CE52CF72B4F0077D801 = {
						CreatedOnToolsVersion = 16.1;
					};
				};
			};
			buildConfigurationList = 8006207822B8389500C49F3F /* Build configuration list for PBXProject "rerere" */;
			compatibilityVersion = "Xcode 9.3";
			developmentRegion = en;
			hasScannedForEncodings = 0;
			knownRegions = (
				en,
			);
			mainGroup = 8006207422B8389500C49F3F;
			packageReferences = (
				803B6CEE2CF72C0E0077D801 /* XCRemoteSwiftPackageReference "Yams" */,
				803B6CF12CF72C1E0077D801 /* XCRemoteSwiftPackageReference "swift-argument-parser" */,
			);
			productRefGroup = 8006207E22B8389500C49F3F /* Products */;
			projectDirPath = "";
			projectRoot = "";
			targets = (
				803B6CB62CF72A9C0077D801 /* rerere-gui */,
				803B6CC62CF72A9C0077D801 /* rerere-guiTests */,
				803B6CD02CF72A9C0077D801 /* rerere-guiUITests */,
				803B6CE52CF72B4F0077D801 /* rerere-cli */,
			);
		};
/* End PBXProject section */

/* Begin PBXResourcesBuildPhase section */
		803B6CB52CF72A9C0077D801 /* Resources */ = {
			isa = PBXResourcesBuildPhase;
			buildActionMask = 2147483647;
			files = (
			);
			runOnlyForDeploymentPostprocessing = 0;
		};
		803B6CC52CF72A9C0077D801 /* Resources */ = {
			isa = PBXResourcesBuildPhase;
			buildActionMask = 2147483647;
			files = (
			);
			runOnlyForDeploymentPostprocessing = 0;
		};
		803B6CCF2CF72A9C0077D801 /* Resources */ = {
			isa = PBXResourcesBuildPhase;
			buildActionMask = 2147483647;
			files = (
			);
			runOnlyForDeploymentPostprocessing = 0;
		};
/* End PBXResourcesBuildPhase section */

/* Begin PBXSourcesBuildPhase section */
		803B6CB32CF72A9C0077D801 /* Sources */ = {
			isa = PBXSourcesBuildPhase;
			buildActionMask = 2147483647;
			files = (
			);
			runOnlyForDeploymentPostprocessing = 0;
		};
		803B6CC32CF72A9C0077D801 /* Sources */ = {
			isa = PBXSourcesBuildPhase;
			buildActionMask = 2147483647;
			files = (
			);
			runOnlyForDeploymentPostprocessing = 0;
		};
		803B6CCD2CF72A9C0077D801 /* Sources */ = {
			isa = PBXSourcesBuildPhase;
			buildActionMask = 2147483647;
			files = (
			);
			runOnlyForDeploymentPostprocessing = 0;
		};
		803B6CE22CF72B4F0077D801 /* Sources */ = {
			isa = PBXSourcesBuildPhase;
			buildActionMask = 2147483647;
			files = (
			);
			runOnlyForDeploymentPostprocessing = 0;
		};
/* End PBXSourcesBuildPhase section */

/* Begin PBXTargetDependency section */
		803B6CC92CF72A9C0077D801 /* PBXTargetDependency */ = {
			isa = PBXTargetDependency;
			target = 803B6CB62CF72A9C0077D801 /* rerere-gui */;
			targetProxy = 803B6CC82CF72A9C0077D801 /* PBXContainerItemProxy */;
		};
		803B6CD32CF72A9C0077D801 /* PBXTargetDependency */ = {
			isa = PBXTargetDependency;
			target = 803B6CB62CF72A9C0077D801 /* rerere-gui */;
			targetProxy = 803B6CD22CF72A9C0077D801 /* PBXContainerItemProxy */;
		};
/* End PBXTargetDependency section */

/* Begin XCBuildConfiguration section */
		8006208222B8389500C49F3F /* Debug */ = {
			isa = XCBuildConfiguration;
			buildSettings = {
				ALWAYS_SEARCH_USER_PATHS = NO;
				CLANG_ANALYZER_NONNULL = YES;
				CLANG_ANALYZER_NUMBER_OBJECT_CONVERSION = YES_AGGRESSIVE;
				CLANG_CXX_LANGUAGE_STANDARD = "gnu++14";
				CLANG_CXX_LIBRARY = "libc++";
				CLANG_ENABLE_MODULES = YES;
				CLANG_ENABLE_OBJC_ARC = YES;
				CLANG_ENABLE_OBJC_WEAK = YES;
				CLANG_WARN_BLOCK_CAPTURE_AUTORELEASING = YES;
				CLANG_WARN_BOOL_CONVERSION = YES;
				CLANG_WARN_COMMA = YES;
				CLANG_WARN_CONSTANT_CONVERSION = YES;
				CLANG_WARN_DEPRECATED_OBJC_IMPLEMENTATIONS = YES;
				CLANG_WARN_DIRECT_OBJC_ISA_USAGE = YES_ERROR;
				CLANG_WARN_DOCUMENTATION_COMMENTS = YES;
				CLANG_WARN_EMPTY_BODY = YES;
				CLANG_WARN_ENUM_CONVERSION = YES;
				CLANG_WARN_INFINITE_RECURSION = YES;
				CLANG_WARN_INT_CONVERSION = YES;
				CLANG_WARN_NON_LITERAL_NULL_CONVERSION = YES;
				CLANG_WARN_OBJC_IMPLICIT_RETAIN_SELF = YES;
				CLANG_WARN_OBJC_LITERAL_CONVERSION = YES;
				CLANG_WARN_OBJC_ROOT_CLASS = YES_ERROR;
				CLANG_WARN_RANGE_LOOP_ANALYSIS = YES;
				CLANG_WARN_STRICT_PROTOTYPES = YES;
				CLANG_WARN_SUSPICIOUS_MOVE = YES;
				CLANG_WARN_UNGUARDED_AVAILABILITY = YES_AGGRESSIVE;
				CLANG_WARN_UNREACHABLE_CODE = YES;
				CLANG_WARN__DUPLICATE_METHOD_MATCH = YES;
				CODE_SIGN_IDENTITY = "-";
				COPY_PHASE_STRIP = NO;
				DEBUG_INFORMATION_FORMAT = dwarf;
				ENABLE_STRICT_OBJC_MSGSEND = YES;
				ENABLE_TESTABILITY = YES;
				GCC_C_LANGUAGE_STANDARD = gnu11;
				GCC_DYNAMIC_NO_PIC = NO;
				GCC_NO_COMMON_BLOCKS = YES;
				GCC_OPTIMIZATION_LEVEL = 0;
				GCC_PREPROCESSOR_DEFINITIONS = (
					"DEBUG=1",
					"$(inherited)",
				);
				GCC_WARN_64_TO_32_BIT_CONVERSION = YES;
				GCC_WARN_ABOUT_RETURN_TYPE = YES_ERROR;
				GCC_WARN_UNDECLARED_SELECTOR = YES;
				GCC_WARN_UNINITIALIZED_AUTOS = YES_AGGRESSIVE;
				GCC_WARN_UNUSED_FUNCTION = YES;
				GCC_WARN_UNUSED_VARIABLE = YES;
				MACOSX_DEPLOYMENT_TARGET = 10.14;
				MTL_ENABLE_DEBUG_INFO = INCLUDE_SOURCE;
				MTL_FAST_MATH = YES;
				ONLY_ACTIVE_ARCH = YES;
				SDKROOT = macosx;
				SWIFT_ACTIVE_COMPILATION_CONDITIONS = DEBUG;
				SWIFT_OPTIMIZATION_LEVEL = "-Onone";
			};
			name = Debug;
		};
		8006208322B8389500C49F3F /* Release */ = {
			isa = XCBuildConfiguration;
			buildSettings = {
				ALWAYS_SEARCH_USER_PATHS = NO;
				CLANG_ANALYZER_NONNULL = YES;
				CLANG_ANALYZER_NUMBER_OBJECT_CONVERSION = YES_AGGRESSIVE;
				CLANG_CXX_LANGUAGE_STANDARD = "gnu++14";
				CLANG_CXX_LIBRARY = "libc++";
				CLANG_ENABLE_MODULES = YES;
				CLANG_ENABLE_OBJC_ARC = YES;
				CLANG_ENABLE_OBJC_WEAK = YES;
				CLANG_WARN_BLOCK_CAPTURE_AUTORELEASING = YES;
				CLANG_WARN_BOOL_CONVERSION = YES;
				CLANG_WARN_COMMA = YES;
				CLANG_WARN_CONSTANT_CONVERSION = YES;
				CLANG_WARN_DEPRECATED_OBJC_IMPLEMENTATIONS = YES;
				CLANG_WARN_DIRECT_OBJC_ISA_USAGE = YES_ERROR;
				CLANG_WARN_DOCUMENTATION_COMMENTS = YES;
				CLANG_WARN_EMPTY_BODY = YES;
				CLANG_WARN_ENUM_CONVERSION = YES;
				CLANG_WARN_INFINITE_RECURSION = YES;
				CLANG_WARN_INT_CONVERSION = YES;
				CLANG_WARN_NON_LITERAL_NULL_CONVERSION = YES;
				CLANG_WARN_OBJC_IMPLICIT_RETAIN_SELF = YES;
				CLANG_WARN_OBJC_LITERAL_CONVERSION = YES;
				CLANG_WARN_OBJC_ROOT_CLASS = YES_ERROR;
				CLANG_WARN_RANGE_LOOP_ANALYSIS = YES;
				CLANG_WARN_STRICT_PROTOTYPES = YES;
				CLANG_WARN_SUSPICIOUS_MOVE = YES;
				CLANG_WARN_UNGUARDED_AVAILABILITY = YES_AGGRESSIVE;
				CLANG_WARN_UNREACHABLE_CODE = YES;
				CLANG_WARN__DUPLICATE_METHOD_MATCH = YES;
				CODE_SIGN_IDENTITY = "-";
				COPY_PHASE_STRIP = NO;
				DEBUG_INFORMATION_FORMAT = "dwarf-with-dsym";
				ENABLE_NS_ASSERTIONS = NO;
				ENABLE_STRICT_OBJC_MSGSEND = YES;
				GCC_C_LANGUAGE_STANDARD = gnu11;
				GCC_NO_COMMON_BLOCKS = YES;
				GCC_WARN_64_TO_32_BIT_CONVERSION = YES;
				GCC_WARN_ABOUT_RETURN_TYPE = YES_ERROR;
				GCC_WARN_UNDECLARED_SELECTOR = YES;
				GCC_WARN_UNINITIALIZED_AUTOS = YES_AGGRESSIVE;
				GCC_WARN_UNUSED_FUNCTION = YES;
				GCC_WARN_UNUSED_VARIABLE = YES;
				MACOSX_DEPLOYMENT_TARGET = 10.14;
				MTL_ENABLE_DEBUG_INFO = NO;
				MTL_FAST_MATH = YES;
				SDKROOT = macosx;
				SWIFT_COMPILATION_MODE = wholemodule;
				SWIFT_OPTIMIZATION_LEVEL = "-O";
			};
			name = Release;
		};
		803B6CDA2CF72A9C0077D801 /* Debug */ = {
			isa = XCBuildConfiguration;
			buildSettings = {
				ASSETCATALOG_COMPILER_APPICON_NAME = AppIcon;
				ASSETCATALOG_COMPILER_GENERATE_SWIFT_ASSET_SYMBOL_EXTENSIONS = YES;
				ASSETCATALOG_COMPILER_GLOBAL_ACCENT_COLOR_NAME = AccentColor;
				CLANG_CXX_LANGUAGE_STANDARD = "gnu++20";
				CLANG_WARN_QUOTED_INCLUDE_IN_FRAMEWORK_HEADER = YES;
				CODE_SIGN_ENTITLEMENTS = "rerere-gui/rerere_gui.entitlements";
				CODE_SIGN_STYLE = Automatic;
				CURRENT_PROJECT_VERSION = 1;
				DEVELOPMENT_ASSET_PATHS = "\"rerere-gui/Preview Content\"";
				ENABLE_PREVIEWS = YES;
				ENABLE_USER_SCRIPT_SANDBOXING = YES;
				GCC_C_LANGUAGE_STANDARD = gnu17;
				GENERATE_INFOPLIST_FILE = YES;
				"INFOPLIST_KEY_UIApplicationSceneManifest_Generation[sdk=iphoneos*]" = YES;
				"INFOPLIST_KEY_UIApplicationSceneManifest_Generation[sdk=iphonesimulator*]" = YES;
				"INFOPLIST_KEY_UIApplicationSupportsIndirectInputEvents[sdk=iphoneos*]" = YES;
				"INFOPLIST_KEY_UIApplicationSupportsIndirectInputEvents[sdk=iphonesimulator*]" = YES;
				"INFOPLIST_KEY_UILaunchScreen_Generation[sdk=iphoneos*]" = YES;
				"INFOPLIST_KEY_UILaunchScreen_Generation[sdk=iphonesimulator*]" = YES;
				"INFOPLIST_KEY_UIStatusBarStyle[sdk=iphoneos*]" = UIStatusBarStyleDefault;
				"INFOPLIST_KEY_UIStatusBarStyle[sdk=iphonesimulator*]" = UIStatusBarStyleDefault;
				INFOPLIST_KEY_UISupportedInterfaceOrientations_iPad = "UIInterfaceOrientationPortrait UIInterfaceOrientationPortraitUpsideDown UIInterfaceOrientationLandscapeLeft UIInterfaceOrientationLandscapeRight";
				INFOPLIST_KEY_UISupportedInterfaceOrientations_iPhone = "UIInterfaceOrientationPortrait UIInterfaceOrientationLandscapeLeft UIInterfaceOrientationLandscapeRight";
				IPHONEOS_DEPLOYMENT_TARGET = 18.1;
				LD_RUNPATH_SEARCH_PATHS = "@executable_path/Frameworks";
				"LD_RUNPATH_SEARCH_PATHS[sdk=macosx*]" = "@executable_path/../Frameworks";
				LOCALIZATION_PREFERS_STRING_CATALOGS = YES;
				MACOSX_DEPLOYMENT_TARGET = 15.1;
				MARKETING_VERSION = 1.0;
				PRODUCT_BUNDLE_IDENTIFIER = "com.ex.rerere-gui";
				PRODUCT_NAME = "$(TARGET_NAME)";
				SDKROOT = auto;
				SUPPORTED_PLATFORMS = "iphoneos iphonesimulator macosx xros xrsimulator";
				SWIFT_ACTIVE_COMPILATION_CONDITIONS = "DEBUG $(inherited)";
				SWIFT_EMIT_LOC_STRINGS = YES;
				SWIFT_VERSION = 5.0;
				TARGETED_DEVICE_FAMILY = "1,2,7";
				XROS_DEPLOYMENT_TARGET = 2.1;
			};
			name = Debug;
		};
		803B6CDB2CF72A9C0077D801 /* Release */ = {
			isa = XCBuildConfiguration;
			buildSettings = {
				ASSETCATALOG_COMPILER_APPICON_NAME = AppIcon;
				ASSETCATALOG_COMPILER_GENERATE_SWIFT_ASSET_SYMBOL_EXTENSIONS = YES;
				ASSETCATALOG_COMPILER_GLOBAL_ACCENT_COLOR_NAME = AccentColor;
				CLANG_CXX_LANGUAGE_STANDARD = "gnu++20";
				CLANG_WARN_QUOTED_INCLUDE_IN_FRAMEWORK_HEADER = YES;
				CODE_SIGN_ENTITLEMENTS = "rerere-gui/rerere_gui.entitlements";
				CODE_SIGN_STYLE = Automatic;
				CURRENT_PROJECT_VERSION = 1;
				DEVELOPMENT_ASSET_PATHS = "\"rerere-gui/Preview Content\"";
				ENABLE_PREVIEWS = YES;
				ENABLE_USER_SCRIPT_SANDBOXING = YES;
				GCC_C_LANGUAGE_STANDARD = gnu17;
				GENERATE_INFOPLIST_FILE = YES;
				"INFOPLIST_KEY_UIApplicationSceneManifest_Generation[sdk=iphoneos*]" = YES;
				"INFOPLIST_KEY_UIApplicationSceneManifest_Generation[sdk=iphonesimulator*]" = YES;
				"INFOPLIST_KEY_UIApplicationSupportsIndirectInputEvents[sdk=iphoneos*]" = YES;
				"INFOPLIST_KEY_UIApplicationSupportsIndirectInputEvents[sdk=iphonesimulator*]" = YES;
				"INFOPLIST_KEY_UILaunchScreen_Generation[sdk=iphoneos*]" = YES;
				"INFOPLIST_KEY_UILaunchScreen_Generation[sdk=iphonesimulator*]" = YES;
				"INFOPLIST_KEY_UIStatusBarStyle[sdk=iphoneos*]" = UIStatusBarStyleDefault;
				"INFOPLIST_KEY_UIStatusBarStyle[sdk=iphonesimulator*]" = UIStatusBarStyleDefault;
				INFOPLIST_KEY_UISupportedInterfaceOrientations_iPad = "UIInterfaceOrientationPortrait UIInterfaceOrientationPortraitUpsideDown UIInterfaceOrientationLandscapeLeft UIInterfaceOrientationLandscapeRight";
				INFOPLIST_KEY_UISupportedInterfaceOrientations_iPhone = "UIInterfaceOrientationPortrait UIInterfaceOrientationLandscapeLeft UIInterfaceOrientationLandscapeRight";
				IPHONEOS_DEPLOYMENT_TARGET = 18.1;
				LD_RUNPATH_SEARCH_PATHS = "@executable_path/Frameworks";
				"LD_RUNPATH_SEARCH_PATHS[sdk=macosx*]" = "@executable_path/../Frameworks";
				LOCALIZATION_PREFERS_STRING_CATALOGS = YES;
				MACOSX_DEPLOYMENT_TARGET = 15.1;
				MARKETING_VERSION = 1.0;
				PRODUCT_BUNDLE_IDENTIFIER = "com.ex.rerere-gui";
				PRODUCT_NAME = "$(TARGET_NAME)";
				SDKROOT = auto;
				SUPPORTED_PLATFORMS = "iphoneos iphonesimulator macosx xros xrsimulator";
				SWIFT_EMIT_LOC_STRINGS = YES;
				SWIFT_VERSION = 5.0;
				TARGETED_DEVICE_FAMILY = "1,2,7";
				XROS_DEPLOYMENT_TARGET = 2.1;
			};
			name = Release;
		};
		803B6CDD2CF72A9C0077D801 /* Debug */ = {
			isa = XCBuildConfiguration;
			buildSettings = {
				ASSETCATALOG_COMPILER_GENERATE_SWIFT_ASSET_SYMBOL_EXTENSIONS = YES;
				BUNDLE_LOADER = "$(TEST_HOST)";
				CLANG_CXX_LANGUAGE_STANDARD = "gnu++20";
				CLANG_WARN_QUOTED_INCLUDE_IN_FRAMEWORK_HEADER = YES;
				CODE_SIGN_STYLE = Automatic;
				CURRENT_PROJECT_VERSION = 1;
				ENABLE_USER_SCRIPT_SANDBOXING = YES;
				GCC_C_LANGUAGE_STANDARD = gnu17;
				GENERATE_INFOPLIST_FILE = YES;
				IPHONEOS_DEPLOYMENT_TARGET = 18.1;
				LOCALIZATION_PREFERS_STRING_CATALOGS = YES;
				MACOSX_DEPLOYMENT_TARGET = 15.1;
				MARKETING_VERSION = 1.0;
				PRODUCT_BUNDLE_IDENTIFIER = "com.ex.rerere-guiTests";
				PRODUCT_NAME = "$(TARGET_NAME)";
				SDKROOT = auto;
				SUPPORTED_PLATFORMS = "iphoneos iphonesimulator macosx xros xrsimulator";
				SWIFT_ACTIVE_COMPILATION_CONDITIONS = "DEBUG $(inherited)";
				SWIFT_EMIT_LOC_STRINGS = NO;
				SWIFT_VERSION = 5.0;
				TARGETED_DEVICE_FAMILY = "1,2,7";
				TEST_HOST = "$(BUILT_PRODUCTS_DIR)/rerere-gui.app/$(BUNDLE_EXECUTABLE_FOLDER_PATH)/rerere-gui";
				XROS_DEPLOYMENT_TARGET = 2.1;
			};
			name = Debug;
		};
		803B6CDE2CF72A9C0077D801 /* Release */ = {
			isa = XCBuildConfiguration;
			buildSettings = {
				ASSETCATALOG_COMPILER_GENERATE_SWIFT_ASSET_SYMBOL_EXTENSIONS = YES;
				BUNDLE_LOADER = "$(TEST_HOST)";
				CLANG_CXX_LANGUAGE_STANDARD = "gnu++20";
				CLANG_WARN_QUOTED_INCLUDE_IN_FRAMEWORK_HEADER = YES;
				CODE_SIGN_STYLE = Automatic;
				CURRENT_PROJECT_VERSION = 1;
				ENABLE_USER_SCRIPT_SANDBOXING = YES;
				GCC_C_LANGUAGE_STANDARD = gnu17;
				GENERATE_INFOPLIST_FILE = YES;
				IPHONEOS_DEPLOYMENT_TARGET = 18.1;
				LOCALIZATION_PREFERS_STRING_CATALOGS = YES;
				MACOSX_DEPLOYMENT_TARGET = 15.1;
				MARKETING_VERSION = 1.0;
				PRODUCT_BUNDLE_IDENTIFIER = "com.ex.rerere-guiTests";
				PRODUCT_NAME = "$(TARGET_NAME)";
				SDKROOT = auto;
				SUPPORTED_PLATFORMS = "iphoneos iphonesimulator macosx xros xrsimulator";
				SWIFT_EMIT_LOC_STRINGS = NO;
				SWIFT_VERSION = 5.0;
				TARGETED_DEVICE_FAMILY = "1,2,7";
				TEST_HOST = "$(BUILT_PRODUCTS_DIR)/rerere-gui.app/$(BUNDLE_EXECUTABLE_FOLDER_PATH)/rerere-gui";
				XROS_DEPLOYMENT_TARGET = 2.1;
			};
			name = Release;
		};
		803B6CE02CF72A9C0077D801 /* Debug */ = {
			isa = XCBuildConfiguration;
			buildSettings = {
				ASSETCATALOG_COMPILER_GENERATE_SWIFT_ASSET_SYMBOL_EXTENSIONS = YES;
				CLANG_CXX_LANGUAGE_STANDARD = "gnu++20";
				CLANG_WARN_QUOTED_INCLUDE_IN_FRAMEWORK_HEADER = YES;
				CODE_SIGN_STYLE = Automatic;
				CURRENT_PROJECT_VERSION = 1;
				ENABLE_USER_SCRIPT_SANDBOXING = YES;
				GCC_C_LANGUAGE_STANDARD = gnu17;
				GENERATE_INFOPLIST_FILE = YES;
				IPHONEOS_DEPLOYMENT_TARGET = 18.1;
				LOCALIZATION_PREFERS_STRING_CATALOGS = YES;
				MACOSX_DEPLOYMENT_TARGET = 15.1;
				MARKETING_VERSION = 1.0;
				PRODUCT_BUNDLE_IDENTIFIER = "com.ex.rerere-guiUITests";
				PRODUCT_NAME = "$(TARGET_NAME)";
				SDKROOT = auto;
				SUPPORTED_PLATFORMS = "iphoneos iphonesimulator macosx xros xrsimulator";
				SWIFT_ACTIVE_COMPILATION_CONDITIONS = "DEBUG $(inherited)";
				SWIFT_EMIT_LOC_STRINGS = NO;
				SWIFT_VERSION = 5.0;
				TARGETED_DEVICE_FAMILY = "1,2,7";
				TEST_TARGET_NAME = "rerere-gui";
				XROS_DEPLOYMENT_TARGET = 2.1;
			};
			name = Debug;
		};
		803B6CE12CF72A9C0077D801 /* Release */ = {
			isa = XCBuildConfiguration;
			buildSettings = {
				ASSETCATALOG_COMPILER_GENERATE_SWIFT_ASSET_SYMBOL_EXTENSIONS = YES;
				CLANG_CXX_LANGUAGE_STANDARD = "gnu++20";
				CLANG_WARN_QUOTED_INCLUDE_IN_FRAMEWORK_HEADER = YES;
				CODE_SIGN_STYLE = Automatic;
				CURRENT_PROJECT_VERSION = 1;
				ENABLE_USER_SCRIPT_SANDBOXING = YES;
				GCC_C_LANGUAGE_STANDARD = gnu17;
				GENERATE_INFOPLIST_FILE = YES;
				IPHONEOS_DEPLOYMENT_TARGET = 18.1;
				LOCALIZATION_PREFERS_STRING_CATALOGS = YES;
				MACOSX_DEPLOYMENT_TARGET = 15.1;
				MARKETING_VERSION = 1.0;
				PRODUCT_BUNDLE_IDENTIFIER = "com.ex.rerere-guiUITests";
				PRODUCT_NAME = "$(TARGET_NAME)";
				SDKROOT = auto;
				SUPPORTED_PLATFORMS = "iphoneos iphonesimulator macosx xros xrsimulator";
				SWIFT_EMIT_LOC_STRINGS = NO;
				SWIFT_VERSION = 5.0;
				TARGETED_DEVICE_FAMILY = "1,2,7";
				TEST_TARGET_NAME = "rerere-gui";
				XROS_DEPLOYMENT_TARGET = 2.1;
			};
			name = Release;
		};
		803B6CEB2CF72B4F0077D801 /* Debug */ = {
			isa = XCBuildConfiguration;
			buildSettings = {
				ASSETCATALOG_COMPILER_GENERATE_SWIFT_ASSET_SYMBOL_EXTENSIONS = YES;
				CLANG_CXX_LANGUAGE_STANDARD = "gnu++20";
				CLANG_WARN_QUOTED_INCLUDE_IN_FRAMEWORK_HEADER = YES;
				CODE_SIGN_STYLE = Automatic;
				ENABLE_USER_SCRIPT_SANDBOXING = YES;
				GCC_C_LANGUAGE_STANDARD = gnu17;
				LOCALIZATION_PREFERS_STRING_CATALOGS = YES;
				MACOSX_DEPLOYMENT_TARGET = 15.1;
				PRODUCT_NAME = "$(TARGET_NAME)";
				SWIFT_ACTIVE_COMPILATION_CONDITIONS = "DEBUG $(inherited)";
				SWIFT_VERSION = 5.0;
			};
			name = Debug;
		};
		803B6CEC2CF72B4F0077D801 /* Release */ = {
			isa = XCBuildConfiguration;
			buildSettings = {
				ASSETCATALOG_COMPILER_GENERATE_SWIFT_ASSET_SYMBOL_EXTENSIONS = YES;
				CLANG_CXX_LANGUAGE_STANDARD = "gnu++20";
				CLANG_WARN_QUOTED_INCLUDE_IN_FRAMEWORK_HEADER = YES;
				CODE_SIGN_STYLE = Automatic;
				ENABLE_USER_SCRIPT_SANDBOXING = YES;
				GCC_C_LANGUAGE_STANDARD = gnu17;
				LOCALIZATION_PREFERS_STRING_CATALOGS = YES;
				MACOSX_DEPLOYMENT_TARGET = 15.1;
				PRODUCT_NAME = "$(TARGET_NAME)";
				SWIFT_VERSION = 5.0;
			};
			name = Release;
		};
/* End XCBuildConfiguration section */

/* Begin XCConfigurationList section */
		8006207822B8389500C49F3F /* Build configuration list for PBXProject "rerere" */ = {
			isa = XCConfigurationList;
			buildConfigurations = (
				8006208222B8389500C49F3F /* Debug */,
				8006208322B8389500C49F3F /* Release */,
			);
			defaultConfigurationIsVisible = 0;
			defaultConfigurationName = Release;
		};
		803B6CD92CF72A9C0077D801 /* Build configuration list for PBXNativeTarget "rerere-gui" */ = {
			isa = XCConfigurationList;
			buildConfigurations = (
				803B6CDA2CF72A9C0077D801 /* Debug */,
				803B6CDB2CF72A9C0077D801 /* Release */,
			);
			defaultConfigurationIsVisible = 0;
			defaultConfigurationName = Release;
		};
		803B6CDC2CF72A9C0077D801 /* Build configuration list for PBXNativeTarget "rerere-guiTests" */ = {
			isa = XCConfigurationList;
			buildConfigurations = (
				803B6CDD2CF72A9C0077D801 /* Debug */,
				803B6CDE2CF72A9C0077D801 /* Release */,
			);
			defaultConfigurationIsVisible = 0;
			defaultConfigurationName = Release;
		};
		803B6CDF2CF72A9C0077D801 /* Build configuration list for PBXNativeTarget "rerere-guiUITests" */ = {
			isa = XCConfigurationList;
			buildConfigurations = (
				803B6CE02CF72A9C0077D801 /* Debug */,
				803B6CE12CF72A9C0077D801 /* Release */,
			);
			defaultConfigurationIsVisible = 0;
			defaultConfigurationName = Release;
		};
		803B6CEA2CF72B4F0077D801 /* Build configuration list for PBXNativeTarget "rerere-cli" */ = {
			isa = XCConfigurationList;
			buildConfigurations = (
				803B6CEB2CF72B4F0077D801 /* Debug */,
				803B6CEC2CF72B4F0077D801 /* Release */,
			);
			defaultConfigurationIsVisible = 0;
			defaultConfigurationName = Release;
		};
/* End XCConfigurationList section */

/* Begin XCRemoteSwiftPackageReference section */
		803B6CEE2CF72C0E0077D801 /* XCRemoteSwiftPackageReference "Yams" */ = {
			isa = XCRemoteSwiftPackageReference;
			repositoryURL = "https://github.com/jpsim/Yams.git";
			requirement = {
				kind = upToNextMajorVersion;
				minimumVersion = 5.1.3;
			};
		};
		803B6CF12CF72C1E0077D801 /* XCRemoteSwiftPackageReference "swift-argument-parser" */ = {
			isa = XCRemoteSwiftPackageReference;
			repositoryURL = "https://github.com/apple/swift-argument-parser.git";
			requirement = {
				kind = upToNextMajorVersion;
				minimumVersion = 1.5.0;
			};
		};
/* End XCRemoteSwiftPackageReference section */

/* Begin XCSwiftPackageProductDependency section */
		803B6CEF2CF72C0E0077D801 /* Yams */ = {
			isa = XCSwiftPackageProductDependency;
			package = 803B6CEE2CF72C0E0077D801 /* XCRemoteSwiftPackageReference "Yams" */;
			productName = Yams;
		};
		803B6CF22CF72C1E0077D801 /* ArgumentParser */ = {
			isa = XCSwiftPackageProductDependency;
			package = 803B6CF12CF72C1E0077D801 /* XCRemoteSwiftPackageReference "swift-argument-parser" */;
			productName = ArgumentParser;
		};
		803B6CF52CF72C3A0077D801 /* Yams */ = {
			isa = XCSwiftPackageProductDependency;
			package = 803B6CEE2CF72C0E0077D801 /* XCRemoteSwiftPackageReference "Yams" */;
			productName = Yams;
		};
/* End XCSwiftPackageProductDependency section */
	};
	rootObject = 8006207522B8389500C49F3F /* Project object */;
}
